
Microsoft Visual Studio Solution File, Format Version 11.00
# Visual Studio 2010
Project("{8BC9CEB8-8B4A-11D0-8D11-00A0C91BC942}") = "GDA03C", "GDA03C\GDA03C.vcxproj", "{7907CC13-42EB-40D6-AC4A-7C36F67ACFFE}"
EndProject
Global
	GlobalSection(SolutionConfigurationPlatforms) = preSolution
		Debug|Win32 = Debug|Win32
		Release|Win32 = Release|Win32
	EndGlobalSection
	GlobalSection(ProjectConfigurationPlatforms) = postSolution
		{7907CC13-42EB-40D6-AC4A-7C36F67ACFFE}.Debug|Win32.ActiveCfg = Debug|Win32
		{7907CC13-42EB-40D6-AC4A-7C36F67ACFFE}.Debug|Win32.Build.0 = Debug|Win32
		{7907CC13-42EB-40D6-AC4A-7C36F67ACFFE}.Release|Win32.ActiveCfg = Release|Win32
		{7907CC13-42EB-40D6-AC4A-7C36F67ACFFE}.Release|Win32.Build.0 = Release|Win32
	EndGlobalSection
	GlobalSection(SolutionProperties) = preSolution
		HideSolutionNode = FALSE
	EndGlobalSection
EndGlobal
