
Microsoft Visual Studio Solution File, Format Version 11.00
# Visual Studio 2010
Project("{8BC9CEB8-8B4A-11D0-8D11-00A0C91BC942}") = "GDA05", "GDA05\GDA05.vcxproj", "{343C97F1-483A-4FAC-B183-B334C746AF60}"
EndProject
Project("{8BC9CEB8-8B4A-11D0-8D11-00A0C91BC942}") = "GDA05_P2", "GDA05_P2\GDA05_P2.vcxproj", "{765E397B-0EC8-41F6-B186-480AB49F3DA7}"
EndProject
Global
	GlobalSection(SolutionConfigurationPlatforms) = preSolution
		Debug|Win32 = Debug|Win32
		Release|Win32 = Release|Win32
	EndGlobalSection
	GlobalSection(ProjectConfigurationPlatforms) = postSolution
		{343C97F1-483A-4FAC-B183-B334C746AF60}.Debug|Win32.ActiveCfg = Debug|Win32
		{343C97F1-483A-4FAC-B183-B334C746AF60}.Debug|Win32.Build.0 = Debug|Win32
		{343C97F1-483A-4FAC-B183-B334C746AF60}.Release|Win32.ActiveCfg = Release|Win32
		{343C97F1-483A-4FAC-B183-B334C746AF60}.Release|Win32.Build.0 = Release|Win32
		{765E397B-0EC8-41F6-B186-480AB49F3DA7}.Debug|Win32.ActiveCfg = Debug|Win32
		{765E397B-0EC8-41F6-B186-480AB49F3DA7}.Debug|Win32.Build.0 = Debug|Win32
		{765E397B-0EC8-41F6-B186-480AB49F3DA7}.Release|Win32.ActiveCfg = Release|Win32
		{765E397B-0EC8-41F6-B186-480AB49F3DA7}.Release|Win32.Build.0 = Release|Win32
	EndGlobalSection
	GlobalSection(SolutionProperties) = preSolution
		HideSolutionNode = FALSE
	EndGlobalSection
EndGlobal
